
Microsoft Visual Studio Solution File, Format Version 12.00
# Visual Studio 15
VisualStudioVersion = 15.0.28307.271
MinimumVisualStudioVersion = 10.0.40219.1
Project("{FAE04EC0-301F-11D3-BF4B-00C04F79EFBC}") = "AlaFibonacci", "AlaFibonacci\AlaFibonacci.csproj", "{363F03D2-EA5B-42F9-87FA-212E4E10C395}"
EndProject
Global
	GlobalSection(SolutionConfigurationPlatforms) = preSolution
		Debug|Any CPU = Debug|Any CPU
		Release|Any CPU = Release|Any CPU
	EndGlobalSection
	GlobalSection(ProjectConfigurationPlatforms) = postSolution
		{363F03D2-EA5B-42F9-87FA-212E4E10C395}.Debug|Any CPU.ActiveCfg = Debug|Any CPU
		{363F03D2-EA5B-42F9-87FA-212E4E10C395}.Debug|Any CPU.Build.0 = Debug|Any CPU
		{363F03D2-EA5B-42F9-87FA-212E4E10C395}.Release|Any CPU.ActiveCfg = Release|Any CPU
		{363F03D2-EA5B-42F9-87FA-212E4E10C395}.Release|Any CPU.Build.0 = Release|Any CPU
	EndGlobalSection
	GlobalSection(SolutionProperties) = preSolution
		HideSolutionNode = FALSE
	EndGlobalSection
	GlobalSection(ExtensibilityGlobals) = postSolution
		SolutionGuid = {7637CEA1-A4DE-4CDB-8199-87B9CB287EBA}
	EndGlobalSection
EndGlobal
